
Microsoft Visual Studio Solution File, Format Version 12.00
# Visual Studio Version 17
VisualStudioVersion = 17.7.34009.444
MinimumVisualStudioVersion = 10.0.40219.1
Project("{FAE04EC0-301F-11D3-BF4B-00C04F79EFBC}") = "MOPPpp", "MOPPpp.csproj", "{5540AA6B-CC34-4CD4-B404-EC0E80C76063}"
EndProject
Global
	GlobalSection(SolutionConfigurationPlatforms) = preSolution
		Debug|Any CPU = Debug|Any CPU
		Release|Any CPU = Release|Any CPU
	EndGlobalSection
	GlobalSection(ProjectConfigurationPlatforms) = postSolution
		{5540AA6B-CC34-4CD4-B404-EC0E80C76063}.Debug|Any CPU.ActiveCfg = Debug|Any CPU
		{5540AA6B-CC34-4CD4-B404-EC0E80C76063}.Debug|Any CPU.Build.0 = Debug|Any CPU
		{5540AA6B-CC34-4CD4-B404-EC0E80C76063}.Release|Any CPU.ActiveCfg = Release|Any CPU
		{5540AA6B-CC34-4CD4-B404-EC0E80C76063}.Release|Any CPU.Build.0 = Release|Any CPU
	EndGlobalSection
	GlobalSection(SolutionProperties) = preSolution
		HideSolutionNode = FALSE
	EndGlobalSection
	GlobalSection(ExtensibilityGlobals) = postSolution
		SolutionGuid = {B725F0B8-1CFF-4679-B149-F4B5565C097B}
	EndGlobalSection
EndGlobal
